
Microsoft Visual Studio Solution File, Format Version 12.00
# Visual Studio Version 17
VisualStudioVersion = 17.0.31903.59
MinimumVisualStudioVersion = 10.0.40219.1
Project("{2150E333-8FDC-42A3-9474-1A3956D46DE8}") = "src", "src", "{827E0CD3-B72D-47B6-A68D-7590B98EB39B}"
EndProject
Project("{FAE04EC0-301F-11D3-BF4B-00C04F79EFBC}") = "CompactCodes", "src\CompactCodes\CompactCodes.csproj", "{8B5C5327-E38B-48A6-8BB1-30C89D6B87DA}"
EndProject
Project("{2150E333-8FDC-42A3-9474-1A3956D46DE8}") = "tests", "tests", "{0AB3BF05-4346-4AA6-1389-037BE0695223}"
EndProject
Project("{FAE04EC0-301F-11D3-BF4B-00C04F79EFBC}") = "CompactCodes.Tests", "tests\CompactCodes.Tests\CompactCodes.Tests.csproj", "{BBD38959-164D-4692-95B2-AE53A23AA0A3}"
EndProject
Project("{2150E333-8FDC-42A3-9474-1A3956D46DE8}") = "samples", "samples", "{5D20AA90-6969-D8BD-9DCD-8634F4692FDA}"
EndProject
Project("{FAE04EC0-301F-11D3-BF4B-00C04F79EFBC}") = "CompactCodes.Sample", "samples\CompactCodes.Sample\CompactCodes.Sample.csproj", "{C88D7998-14B2-4D67-B936-60D60F98DEEA}"
EndProject
Project("{FAE04EC0-301F-11D3-BF4B-00C04F79EFBC}") = "CompactCodes.Benchmarks", "tests\CompactCodes.Benchmarks\CompactCodes.Benchmarks.csproj", "{7DD7F073-77DB-447D-BD8F-2CB75C086793}"
EndProject
Global
	GlobalSection(SolutionConfigurationPlatforms) = preSolution
		Debug|Any CPU = Debug|Any CPU
		Debug|x64 = Debug|x64
		Debug|x86 = Debug|x86
		Release|Any CPU = Release|Any CPU
		Release|x64 = Release|x64
		Release|x86 = Release|x86
	EndGlobalSection
	GlobalSection(ProjectConfigurationPlatforms) = postSolution
		{8B5C5327-E38B-48A6-8BB1-30C89D6B87DA}.Debug|Any CPU.ActiveCfg = Debug|Any CPU
		{8B5C5327-E38B-48A6-8BB1-30C89D6B87DA}.Debug|Any CPU.Build.0 = Debug|Any CPU
		{8B5C5327-E38B-48A6-8BB1-30C89D6B87DA}.Debug|x64.ActiveCfg = Debug|Any CPU
		{8B5C5327-E38B-48A6-8BB1-30C89D6B87DA}.Debug|x64.Build.0 = Debug|Any CPU
		{8B5C5327-E38B-48A6-8BB1-30C89D6B87DA}.Debug|x86.ActiveCfg = Debug|Any CPU
		{8B5C5327-E38B-48A6-8BB1-30C89D6B87DA}.Debug|x86.Build.0 = Debug|Any CPU
		{8B5C5327-E38B-48A6-8BB1-30C89D6B87DA}.Release|Any CPU.ActiveCfg = Release|Any CPU
		{8B5C5327-E38B-48A6-8BB1-30C89D6B87DA}.Release|Any CPU.Build.0 = Release|Any CPU
		{8B5C5327-E38B-48A6-8BB1-30C89D6B87DA}.Release|x64.ActiveCfg = Release|Any CPU
		{8B5C5327-E38B-48A6-8BB1-30C89D6B87DA}.Release|x64.Build.0 = Release|Any CPU
		{8B5C5327-E38B-48A6-8BB1-30C89D6B87DA}.Release|x86.ActiveCfg = Release|Any CPU
		{8B5C5327-E38B-48A6-8BB1-30C89D6B87DA}.Release|x86.Build.0 = Release|Any CPU
		{BBD38959-164D-4692-95B2-AE53A23AA0A3}.Debug|Any CPU.ActiveCfg = Debug|Any CPU
		{BBD38959-164D-4692-95B2-AE53A23AA0A3}.Debug|Any CPU.Build.0 = Debug|Any CPU
		{BBD38959-164D-4692-95B2-AE53A23AA0A3}.Debug|x64.ActiveCfg = Debug|Any CPU
		{BBD38959-164D-4692-95B2-AE53A23AA0A3}.Debug|x64.Build.0 = Debug|Any CPU
		{BBD38959-164D-4692-95B2-AE53A23AA0A3}.Debug|x86.ActiveCfg = Debug|Any CPU
		{BBD38959-164D-4692-95B2-AE53A23AA0A3}.Debug|x86.Build.0 = Debug|Any CPU
		{BBD38959-164D-4692-95B2-AE53A23AA0A3}.Release|Any CPU.ActiveCfg = Release|Any CPU
		{BBD38959-164D-4692-95B2-AE53A23AA0A3}.Release|Any CPU.Build.0 = Release|Any CPU
		{BBD38959-164D-4692-95B2-AE53A23AA0A3}.Release|x64.ActiveCfg = Release|Any CPU
		{BBD38959-164D-4692-95B2-AE53A23AA0A3}.Release|x64.Build.0 = Release|Any CPU
		{BBD38959-164D-4692-95B2-AE53A23AA0A3}.Release|x86.ActiveCfg = Release|Any CPU
		{BBD38959-164D-4692-95B2-AE53A23AA0A3}.Release|x86.Build.0 = Release|Any CPU
		{C88D7998-14B2-4D67-B936-60D60F98DEEA}.Debug|Any CPU.ActiveCfg = Debug|Any CPU
		{C88D7998-14B2-4D67-B936-60D60F98DEEA}.Debug|Any CPU.Build.0 = Debug|Any CPU
		{C88D7998-14B2-4D67-B936-60D60F98DEEA}.Debug|x64.ActiveCfg = Debug|Any CPU
		{C88D7998-14B2-4D67-B936-60D60F98DEEA}.Debug|x64.Build.0 = Debug|Any CPU
		{C88D7998-14B2-4D67-B936-60D60F98DEEA}.Debug|x86.ActiveCfg = Debug|Any CPU
		{C88D7998-14B2-4D67-B936-60D60F98DEEA}.Debug|x86.Build.0 = Debug|Any CPU
		{C88D7998-14B2-4D67-B936-60D60F98DEEA}.Release|Any CPU.ActiveCfg = Release|Any CPU
		{C88D7998-14B2-4D67-B936-60D60F98DEEA}.Release|Any CPU.Build.0 = Release|Any CPU
		{C88D7998-14B2-4D67-B936-60D60F98DEEA}.Release|x64.ActiveCfg = Release|Any CPU
		{C88D7998-14B2-4D67-B936-60D60F98DEEA}.Release|x64.Build.0 = Release|Any CPU
		{C88D7998-14B2-4D67-B936-60D60F98DEEA}.Release|x86.ActiveCfg = Release|Any CPU
		{C88D7998-14B2-4D67-B936-60D60F98DEEA}.Release|x86.Build.0 = Release|Any CPU
		{7DD7F073-77DB-447D-BD8F-2CB75C086793}.Debug|Any CPU.ActiveCfg = Debug|Any CPU
		{7DD7F073-77DB-447D-BD8F-2CB75C086793}.Debug|Any CPU.Build.0 = Debug|Any CPU
		{7DD7F073-77DB-447D-BD8F-2CB75C086793}.Debug|x64.ActiveCfg = Debug|Any CPU
		{7DD7F073-77DB-447D-BD8F-2CB75C086793}.Debug|x64.Build.0 = Debug|Any CPU
		{7DD7F073-77DB-447D-BD8F-2CB75C086793}.Debug|x86.ActiveCfg = Debug|Any CPU
		{7DD7F073-77DB-447D-BD8F-2CB75C086793}.Debug|x86.Build.0 = Debug|Any CPU
		{7DD7F073-77DB-447D-BD8F-2CB75C086793}.Release|Any CPU.ActiveCfg = Release|Any CPU
		{7DD7F073-77DB-447D-BD8F-2CB75C086793}.Release|Any CPU.Build.0 = Release|Any CPU
		{7DD7F073-77DB-447D-BD8F-2CB75C086793}.Release|x64.ActiveCfg = Release|Any CPU
		{7DD7F073-77DB-447D-BD8F-2CB75C086793}.Release|x64.Build.0 = Release|Any CPU
		{7DD7F073-77DB-447D-BD8F-2CB75C086793}.Release|x86.ActiveCfg = Release|Any CPU
		{7DD7F073-77DB-447D-BD8F-2CB75C086793}.Release|x86.Build.0 = Release|Any CPU
	EndGlobalSection
	GlobalSection(SolutionProperties) = preSolution
		HideSolutionNode = FALSE
	EndGlobalSection
	GlobalSection(NestedProjects) = preSolution
		{8B5C5327-E38B-48A6-8BB1-30C89D6B87DA} = {827E0CD3-B72D-47B6-A68D-7590B98EB39B}
		{BBD38959-164D-4692-95B2-AE53A23AA0A3} = {0AB3BF05-4346-4AA6-1389-037BE0695223}
		{C88D7998-14B2-4D67-B936-60D60F98DEEA} = {5D20AA90-6969-D8BD-9DCD-8634F4692FDA}
		{7DD7F073-77DB-447D-BD8F-2CB75C086793} = {0AB3BF05-4346-4AA6-1389-037BE0695223}
	EndGlobalSection
EndGlobal
